// !$*UTF8*$!
{
	archiveVersion = 1;
	classes = {
	};
	objectVersion = 46;
	objects = {

/* Begin PBXBuildFile section */
		3D50081B1DE21FC30015FBA7 /* AppDelegate.swift in Sources */ = {isa = PBXBuildFile; fileRef = 3D50081A1DE21FC30015FBA7 /* AppDelegate.swift */; };
		3D50081D1DE21FC30015FBA7 /* ViewController.swift in Sources */ = {isa = PBXBuildFile; fileRef = 3D50081C1DE21FC30015FBA7 /* ViewController.swift */; };
		3D5008201DE21FC30015FBA7 /* Main.storyboard in Resources */ = {isa = PBXBuildFile; fileRef = 3D50081E1DE21FC30015FBA7 /* Main.storyboard */; };
		3D5008221DE21FC30015FBA7 /* Assets.xcassets in Resources */ = {isa = PBXBuildFile; fileRef = 3D5008211DE21FC30015FBA7 /* Assets.xcassets */; };
		3D5008251DE21FC30015FBA7 /* LaunchScreen.storyboard in Resources */ = {isa = PBXBuildFile; fileRef = 3D5008231DE21FC30015FBA7 /* LaunchScreen.storyboard */; };
		3D50082D1DE2216F0015FBA7 /* GoogleService-Info.plist in Resources */ = {isa = PBXBuildFile; fileRef = 3D50082C1DE2216F0015FBA7 /* GoogleService-Info.plist */; };
		3D50082F1DE22A1D0015FBA7 /* FireSwiftRemoteConfigDefaults.plist in Resources */ = {isa = PBXBuildFile; fileRef = 3D50082E1DE22A1D0015FBA7 /* FireSwiftRemoteConfigDefaults.plist */; };
		F0B6ECE73ABA1B6F6A81E7D6 /* Pods_FireSwiftRemoteConfig.framework in Frameworks */ = {isa = PBXBuildFile; fileRef = 018778CBEFF479CC8F5B97A3 /* Pods_FireSwiftRemoteConfig.framework */; };
/* End PBXBuildFile section */

/* Begin PBXFileReference section */
		018778CBEFF479CC8F5B97A3 /* Pods_FireSwiftRemoteConfig.framework */ = {isa = PBXFileReference; explicitFileType = wrapper.framework; includeInIndex = 0; path = Pods_FireSwiftRemoteConfig.framework; sourceTree = BUILT_PRODUCTS_DIR; };
		3D5008171DE21FC30015FBA7 /* FireSwiftRemoteConfig.app */ = {isa = PBXFileReference; explicitFileType = wrapper.application; includeInIndex = 0; path = FireSwiftRemoteConfig.app; sourceTree = BUILT_PRODUCTS_DIR; };
		3D50081A1DE21FC30015FBA7 /* AppDelegate.swift */ = {isa = PBXFileReference; lastKnownFileType = sourcecode.swift; path = AppDelegate.swift; sourceTree = "<group>"; };
		3D50081C1DE21FC30015FBA7 /* ViewController.swift */ = {isa = PBXFileReference; lastKnownFileType = sourcecode.swift; path = ViewController.swift; sourceTree = "<group>"; };
		3D50081F1DE21FC30015FBA7 /* Base */ = {isa = PBXFileReference; lastKnownFileType = file.storyboard; name = Base; path = Base.lproj/Main.storyboard; sourceTree = "<group>"; };
		3D5008211DE21FC30015FBA7 /* Assets.xcassets */ = {isa = PBXFileReference; lastKnownFileType = folder.assetcatalog; path = Assets.xcassets; sourceTree = "<group>"; };
		3D5008241DE21FC30015FBA7 /* Base */ = {isa = PBXFileReference; lastKnownFileType = file.storyboard; name = Base; path = Base.lproj/LaunchScreen.storyboard; sourceTree = "<group>"; };
		3D5008261DE21FC30015FBA7 /* Info.plist */ = {isa = PBXFileReference; lastKnownFileType = text.plist.xml; path = Info.plist; sourceTree = "<group>"; };
		3D50082C1DE2216F0015FBA7 /* GoogleService-Info.plist */ = {isa = PBXFileReference; fileEncoding = 4; lastKnownFileType = text.plist.xml; path = "GoogleService-Info.plist"; sourceTree = "<group>"; };
		3D50082E1DE22A1D0015FBA7 /* FireSwiftRemoteConfigDefaults.plist */ = {isa = PBXFileReference; fileEncoding = 4; lastKnownFileType = text.plist.xml; path = FireSwiftRemoteConfigDefaults.plist; sourceTree = "<group>"; };
		793AA8C9A6B9DA9814318E51 /* Pods-FireSwiftRemoteConfig.debug.xcconfig */ = {isa = PBXFileReference; includeInIndex = 1; lastKnownFileType = text.xcconfig; name = "Pods-FireSwiftRemoteConfig.debug.xcconfig"; path = "Pods/Target Support Files/Pods-FireSwiftRemoteConfig/Pods-FireSwiftRemoteConfig.debug.xcconfig"; sourceTree = "<group>"; };
		BFBDDD021C2AC3645E1F9AFC /* Pods-FireSwiftRemoteConfig.release.xcconfig */ = {isa = PBXFileReference; includeInIndex = 1; lastKnownFileType = text.xcconfig; name = "Pods-FireSwiftRemoteConfig.release.xcconfig"; path = "Pods/Target Support Files/Pods-FireSwiftRemoteConfig/Pods-FireSwiftRemoteConfig.release.xcconfig"; sourceTree = "<group>"; };
/* End PBXFileReference section */

/* Begin PBXFrameworksBuildPhase section */
		3D5008141DE21FC30015FBA7 /* Frameworks */ = {
			isa = PBXFrameworksBuildPhase;
			buildActionMask = 2147483647;
			files = (
				F0B6ECE73ABA1B6F6A81E7D6 /* Pods_FireSwiftRemoteConfig.framework in Frameworks */,
			);
			runOnlyForDeploymentPostprocessing = 0;
		};
/* End PBXFrameworksBuildPhase section */

/* Begin PBXGroup section */
		2411D83EF308BDF05FAAD5EB /* Frameworks */ = {
			isa = PBXGroup;
			children = (
				018778CBEFF479CC8F5B97A3 /* Pods_FireSwiftRemoteConfig.framework */,
			);
			name = Frameworks;
			sourceTree = "<group>";
		};
		2704FA3AA94FEE9F9D341AFF /* Pods */ = {
			isa = PBXGroup;
			children = (
				793AA8C9A6B9DA9814318E51 /* Pods-FireSwiftRemoteConfig.debug.xcconfig */,
				BFBDDD021C2AC3645E1F9AFC /* Pods-FireSwiftRemoteConfig.release.xcconfig */,
			);
			name = Pods;
			sourceTree = "<group>";
		};
		3D50080E1DE21FC30015FBA7 = {
			isa = PBXGroup;
			children = (
				3D5008191DE21FC30015FBA7 /* FireSwiftRemoteConfig */,
				3D5008181DE21FC30015FBA7 /* Products */,
				2704FA3AA94FEE9F9D341AFF /* Pods */,
				2411D83EF308BDF05FAAD5EB /* Frameworks */,
			);
			sourceTree = "<group>";
		};
		3D5008181DE21FC30015FBA7 /* Products */ = {
			isa = PBXGroup;
			children = (
				3D5008171DE21FC30015FBA7 /* FireSwiftRemoteConfig.app */,
			);
			name = Products;
			sourceTree = "<group>";
		};
		3D5008191DE21FC30015FBA7 /* FireSwiftRemoteConfig */ = {
			isa = PBXGroup;
			children = (
				3D50081A1DE21FC30015FBA7 /* AppDelegate.swift */,
				3D50081C1DE21FC30015FBA7 /* ViewController.swift */,
				3D50081E1DE21FC30015FBA7 /* Main.storyboard */,
				3D5008211DE21FC30015FBA7 /* Assets.xcassets */,
				3D5008231DE21FC30015FBA7 /* LaunchScreen.storyboard */,
				3D5008261DE21FC30015FBA7 /* Info.plist */,
				3D50082C1DE2216F0015FBA7 /* GoogleService-Info.plist */,
				3D50082E1DE22A1D0015FBA7 /* FireSwiftRemoteConfigDefaults.plist */,
			);
			path = FireSwiftRemoteConfig;
			sourceTree = "<group>";
		};
/* End PBXGroup section */

/* Begin PBXNativeTarget section */
		3D5008161DE21FC30015FBA7 /* FireSwiftRemoteConfig */ = {
			isa = PBXNativeTarget;
			buildConfigurationList = 3D5008291DE21FC30015FBA7 /* Build configuration list for PBXNativeTarget "FireSwiftRemoteConfig" */;
			buildPhases = (
				81F9219CF1E8E28048A6EE5D /* [CP] Check Pods Manifest.lock */,
				3D5008131DE21FC30015FBA7 /* Sources */,
				3D5008141DE21FC30015FBA7 /* Frameworks */,
				3D5008151DE21FC30015FBA7 /* Resources */,
				48CE950A1B43ACF485473988 /* [CP] Embed Pods Frameworks */,
				59876B076C1B896754F453C0 /* [CP] Copy Pods Resources */,
			);
			buildRules = (
			);
			dependencies = (
			);
			name = FireSwiftRemoteConfig;
			productName = FireSwiftRemoteConfig;
			productReference = 3D5008171DE21FC30015FBA7 /* FireSwiftRemoteConfig.app */;
			productType = "com.apple.product-type.application";
		};
/* End PBXNativeTarget section */

/* Begin PBXProject section */
		3D50080F1DE21FC30015FBA7 /* Project object */ = {
			isa = PBXProject;
			attributes = {
				LastSwiftUpdateCheck = 0800;
				LastUpgradeCheck = 0800;
				ORGANIZATIONNAME = Kode;
				TargetAttributes = {
					3D5008161DE21FC30015FBA7 = {
						CreatedOnToolsVersion = 8.0;
						ProvisioningStyle = Manual;
					};
				};
			};
			buildConfigurationList = 3D5008121DE21FC30015FBA7 /* Build configuration list for PBXProject "FireSwiftRemoteConfig" */;
			compatibilityVersion = "Xcode 3.2";
			developmentRegion = English;
			hasScannedForEncodings = 0;
			knownRegions = (
				en,
				Base,
			);
			mainGroup = 3D50080E1DE21FC30015FBA7;
			productRefGroup = 3D5008181DE21FC30015FBA7 /* Products */;
			projectDirPath = "";
			projectRoot = "";
			targets = (
				3D5008161DE21FC30015FBA7 /* FireSwiftRemoteConfig */,
			);
		};
/* End PBXProject section */

/* Begin PBXResourcesBuildPhase section */
		3D5008151DE21FC30015FBA7 /* Resources */ = {
			isa = PBXResourcesBuildPhase;
			buildActionMask = 2147483647;
			files = (
				3D5008251DE21FC30015FBA7 /* LaunchScreen.storyboard in Resources */,
				3D50082D1DE2216F0015FBA7 /* GoogleService-Info.plist in Resources */,
				3D50082F1DE22A1D0015FBA7 /* FireSwiftRemoteConfigDefaults.plist in Resources */,
				3D5008221DE21FC30015FBA7 /* Assets.xcassets in Resources */,
				3D5008201DE21FC30015FBA7 /* Main.storyboard in Resources */,
			);
			runOnlyForDeploymentPostprocessing = 0;
		};
/* End PBXResourcesBuildPhase section */

/* Begin PBXShellScriptBuildPhase section */
		48CE950A1B43ACF485473988 /* [CP] Embed Pods Frameworks */ = {
			isa = PBXShellScriptBuildPhase;
			buildActionMask = 2147483647;
			files = (
			);
			inputPaths = (
			);
			name = "[CP] Embed Pods Frameworks";
			outputPaths = (
			);
			runOnlyForDeploymentPostprocessing = 0;
			shellPath = /bin/sh;
			shellScript = "\"${SRCROOT}/Pods/Target Support Files/Pods-FireSwiftRemoteConfig/Pods-FireSwiftRemoteConfig-frameworks.sh\"\n";
			showEnvVarsInLog = 0;
		};
		59876B076C1B896754F453C0 /* [CP] Copy Pods Resources */ = {
			isa = PBXShellScriptBuildPhase;
			buildActionMask = 2147483647;
			files = (
			);
			inputPaths = (
			);
			name = "[CP] Copy Pods Resources";
			outputPaths = (
			);
			runOnlyForDeploymentPostprocessing = 0;
			shellPath = /bin/sh;
			shellScript = "\"${SRCROOT}/Pods/Target Support Files/Pods-FireSwiftRemoteConfig/Pods-FireSwiftRemoteConfig-resources.sh\"\n";
			showEnvVarsInLog = 0;
		};
		81F9219CF1E8E28048A6EE5D /* [CP] Check Pods Manifest.lock */ = {
			isa = PBXShellScriptBuildPhase;
			buildActionMask = 2147483647;
			files = (
			);
			inputPaths = (
			);
			name = "[CP] Check Pods Manifest.lock";
			outputPaths = (
			);
			runOnlyForDeploymentPostprocessing = 0;
			shellPath = /bin/sh;
			shellScript = "diff \"${PODS_ROOT}/../Podfile.lock\" \"${PODS_ROOT}/Manifest.lock\" > /dev/null\nif [ $? != 0 ] ; then\n    # print error to STDERR\n    echo \"error: The sandbox is not in sync with the Podfile.lock. Run 'pod install' or update your CocoaPods installation.\" >&2\n    exit 1\nfi\n";
			showEnvVarsInLog = 0;
		};
/* End PBXShellScriptBuildPhase section */

/* Begin PBXSourcesBuildPhase section */
		3D5008131DE21FC30015FBA7 /* Sources */ = {
			isa = PBXSourcesBuildPhase;
			buildActionMask = 2147483647;
			files = (
				3D50081D1DE21FC30015FBA7 /* ViewController.swift in Sources */,
				3D50081B1DE21FC30015FBA7 /* AppDelegate.swift in Sources */,
			);
			runOnlyForDeploymentPostprocessing = 0;
		};
/* End PBXSourcesBuildPhase section */

/* Begin PBXVariantGroup section */
		3D50081E1DE21FC30015FBA7 /* Main.storyboard */ = {
			isa = PBXVariantGroup;
			children = (
				3D50081F1DE21FC30015FBA7 /* Base */,
			);
			name = Main.storyboard;
			sourceTree = "<group>";
		};
		3D5008231DE21FC30015FBA7 /* LaunchScreen.storyboard */ = {
			isa = PBXVariantGroup;
			children = (
				3D5008241DE21FC30015FBA7 /* Base */,
			);
			name = LaunchScreen.storyboard;
			sourceTree = "<group>";
		};
/* End PBXVariantGroup section */

/* Begin XCBuildConfiguration section */
		3D5008271DE21FC30015FBA7 /* Debug */ = {
			isa = XCBuildConfiguration;
			buildSettings = {
				ALWAYS_SEARCH_USER_PATHS = NO;
				CLANG_ANALYZER_NONNULL = YES;
				CLANG_CXX_LANGUAGE_STANDARD = "gnu++0x";
				CLANG_CXX_LIBRARY = "libc++";
				CLANG_ENABLE_MODULES = YES;
				CLANG_ENABLE_OBJC_ARC = YES;
				CLANG_WARN_BOOL_CONVERSION = YES;
				CLANG_WARN_CONSTANT_CONVERSION = YES;
				CLANG_WARN_DIRECT_OBJC_ISA_USAGE = YES_ERROR;
				CLANG_WARN_DOCUMENTATION_COMMENTS = YES;
				CLANG_WARN_EMPTY_BODY = YES;
				CLANG_WARN_ENUM_CONVERSION = YES;
				CLANG_WARN_INFINITE_RECURSION = YES;
				CLANG_WARN_INT_CONVERSION = YES;
				CLANG_WARN_OBJC_ROOT_CLASS = YES_ERROR;
				CLANG_WARN_SUSPICIOUS_MOVE = YES;
				CLANG_WARN_SUSPICIOUS_MOVES = YES;
				CLANG_WARN_UNREACHABLE_CODE = YES;
				CLANG_WARN__DUPLICATE_METHOD_MATCH = YES;
				"CODE_SIGN_IDENTITY[sdk=iphoneos*]" = "";
				COPY_PHASE_STRIP = NO;
				DEBUG_INFORMATION_FORMAT = dwarf;
				ENABLE_STRICT_OBJC_MSGSEND = YES;
				ENABLE_TESTABILITY = YES;
				GCC_C_LANGUAGE_STANDARD = gnu99;
				GCC_DYNAMIC_NO_PIC = NO;
				GCC_NO_COMMON_BLOCKS = YES;
				GCC_OPTIMIZATION_LEVEL = 0;
				GCC_PREPROCESSOR_DEFINITIONS = (
					"DEBUG=1",
					"$(inherited)",
				);
				GCC_WARN_64_TO_32_BIT_CONVERSION = YES;
				GCC_WARN_ABOUT_RETURN_TYPE = YES_ERROR;
				GCC_WARN_UNDECLARED_SELECTOR = YES;
				GCC_WARN_UNINITIALIZED_AUTOS = YES_AGGRESSIVE;
				GCC_WARN_UNUSED_FUNCTION = YES;
				GCC_WARN_UNUSED_VARIABLE = YES;
				IPHONEOS_DEPLOYMENT_TARGET = 10.0;
				MTL_ENABLE_DEBUG_INFO = YES;
				ONLY_ACTIVE_ARCH = YES;
				SDKROOT = iphoneos;
				SWIFT_ACTIVE_COMPILATION_CONDITIONS = DEBUG;
				SWIFT_OPTIMIZATION_LEVEL = "-Onone";
				TARGETED_DEVICE_FAMILY = "1,2";
			};
			name = Debug;
		};
		3D5008281DE21FC30015FBA7 /* Release */ = {
			isa = XCBuildConfiguration;
			buildSettings = {
				ALWAYS_SEARCH_USER_PATHS = NO;
				CLANG_ANALYZER_NONNULL = YES;
				CLANG_CXX_LANGUAGE_STANDARD = "gnu++0x";
				CLANG_CXX_LIBRARY = "libc++";
				CLANG_ENABLE_MODULES = YES;
				CLANG_ENABLE_OBJC_ARC = YES;
				CLANG_WARN_BOOL_CONVERSION = YES;
				CLANG_WARN_CONSTANT_CONVERSION = YES;
				CLANG_WARN_DIRECT_OBJC_ISA_USAGE = YES_ERROR;
				CLANG_WARN_DOCUMENTATION_COMMENTS = YES;
				CLANG_WARN_EMPTY_BODY = YES;
				CLANG_WARN_ENUM_CONVERSION = YES;
				CLANG_WARN_INFINITE_RECURSION = YES;
				CLANG_WARN_INT_CONVERSION = YES;
				CLANG_WARN_OBJC_ROOT_CLASS = YES_ERROR;
				CLANG_WARN_SUSPICIOUS_MOVE = YES;
				CLANG_WARN_SUSPICIOUS_MOVES = YES;
				CLANG_WARN_UNREACHABLE_CODE = YES;
				CLANG_WARN__DUPLICATE_METHOD_MATCH = YES;
				"CODE_SIGN_IDENTITY[sdk=iphoneos*]" = "";
				COPY_PHASE_STRIP = NO;
				DEBUG_INFORMATION_FORMAT = "dwarf-with-dsym";
				ENABLE_NS_ASSERTIONS = NO;
				ENABLE_STRICT_OBJC_MSGSEND = YES;
				GCC_C_LANGUAGE_STANDARD = gnu99;
				GCC_NO_COMMON_BLOCKS = YES;
				GCC_WARN_64_TO_32_BIT_CONVERSION = YES;
				GCC_WARN_ABOUT_RETURN_TYPE = YES_ERROR;
				GCC_WARN_UNDECLARED_SELECTOR = YES;
				GCC_WARN_UNINITIALIZED_AUTOS = YES_AGGRESSIVE;
				GCC_WARN_UNUSED_FUNCTION = YES;
				GCC_WARN_UNUSED_VARIABLE = YES;
				IPHONEOS_DEPLOYMENT_TARGET = 10.0;
				MTL_ENABLE_DEBUG_INFO = NO;
				SDKROOT = iphoneos;
				SWIFT_OPTIMIZATION_LEVEL = "-Owholemodule";
				TARGETED_DEVICE_FAMILY = "1,2";
				VALIDATE_PRODUCT = YES;
			};
			name = Release;
		};
		3D50082A1DE21FC30015FBA7 /* Debug */ = {
			isa = XCBuildConfiguration;
			baseConfigurationReference = 793AA8C9A6B9DA9814318E51 /* Pods-FireSwiftRemoteConfig.debug.xcconfig */;
			buildSettings = {
				ASSETCATALOG_COMPILER_APPICON_NAME = AppIcon;
				"CODE_SIGN_IDENTITY[sdk=iphoneos*]" = "";
				DEVELOPMENT_TEAM = "";
				INFOPLIST_FILE = FireSwiftRemoteConfig/Info.plist;
				LD_RUNPATH_SEARCH_PATHS = "$(inherited) @executable_path/Frameworks";
				PRODUCT_BUNDLE_IDENTIFIER = com.kode.FireSwiftRemoteConfig;
				PRODUCT_NAME = "$(TARGET_NAME)";
				SWIFT_VERSION = 3.0;
			};
			name = Debug;
		};
		3D50082B1DE21FC30015FBA7 /* Release */ = {
			isa = XCBuildConfiguration;
			baseConfigurationReference = BFBDDD021C2AC3645E1F9AFC /* Pods-FireSwiftRemoteConfig.release.xcconfig */;
			buildSettings = {
				ASSETCATALOG_COMPILER_APPICON_NAME = AppIcon;
				"CODE_SIGN_IDENTITY[sdk=iphoneos*]" = "";
				DEVELOPMENT_TEAM = "";
				INFOPLIST_FILE = FireSwiftRemoteConfig/Info.plist;
				LD_RUNPATH_SEARCH_PATHS = "$(inherited) @executable_path/Frameworks";
				PRODUCT_BUNDLE_IDENTIFIER = com.kode.FireSwiftRemoteConfig;
				PRODUCT_NAME = "$(TARGET_NAME)";
				SWIFT_VERSION = 3.0;
			};
			name = Release;
		};
/* End XCBuildConfiguration section */

/* Begin XCConfigurationList section */
		3D5008121DE21FC30015FBA7 /* Build configuration list for PBXProject "FireSwiftRemoteConfig" */ = {
			isa = XCConfigurationList;
			buildConfigurations = (
				3D5008271DE21FC30015FBA7 /* Debug */,
				3D5008281DE21FC30015FBA7 /* Release */,
			);
			defaultConfigurationIsVisible = 0;
			defaultConfigurationName = Release;
		};
		3D5008291DE21FC30015FBA7 /* Build configuration list for PBXNativeTarget "FireSwiftRemoteConfig" */ = {
			isa = XCConfigurationList;
			buildConfigurations = (
				3D50082A1DE21FC30015FBA7 /* Debug */,
				3D50082B1DE21FC30015FBA7 /* Release */,
			);
			defaultConfigurationIsVisible = 0;
			defaultConfigurationName = Release;
		};
/* End XCConfigurationList section */
	};
	rootObject = 3D50080F1DE21FC30015FBA7 /* Project object */;
}
